
Microsoft Visual Studio Solution File, Format Version 12.00
# Visual Studio Version 17
VisualStudioVersion = 17.0.31903.59
MinimumVisualStudioVersion = 10.0.40219.1
Project("{2150E333-8FDC-42A3-9474-1A3956D46DE8}") = "src", "src", "{827E0CD3-B72D-47B6-A68D-7590B98EB39B}"
EndProject
Project("{2150E333-8FDC-42A3-9474-1A3956D46DE8}") = "Users", "Users", "{8D35EFEC-78C4-8934-F699-CDC21DCDF895}"
EndProject
Project("{FAE04EC0-301F-11D3-BF4B-00C04F79EFBC}") = "UserService", "src\Users\UserService.csproj", "{87CB30CA-4186-42E6-B1D3-F1849EA7A79B}"
EndProject
Project("{2150E333-8FDC-42A3-9474-1A3956D46DE8}") = "Solution Items", "Solution Items", "{735E4139-62B8-49BB-99B9-171EB3D7AE2F}"
	ProjectSection(SolutionItems) = preProject
		compose.yaml = compose.yaml
	EndProjectSection
EndProject
Project("{2150E333-8FDC-42A3-9474-1A3956D46DE8}") = "Events", "Events", "{E7269A9B-1E7E-4E3E-96E2-499E9682AF33}"
EndProject
Project("{FAE04EC0-301F-11D3-BF4B-00C04F79EFBC}") = "EventService", "src\Events\EventService\EventService.csproj", "{2A9D0706-4153-4A65-8EC9-D83A4621E537}"
EndProject
Global
	GlobalSection(SolutionConfigurationPlatforms) = preSolution
		Debug|Any CPU = Debug|Any CPU
		Debug|x64 = Debug|x64
		Debug|x86 = Debug|x86
		Release|Any CPU = Release|Any CPU
		Release|x64 = Release|x64
		Release|x86 = Release|x86
	EndGlobalSection
	GlobalSection(ProjectConfigurationPlatforms) = postSolution
		{87CB30CA-4186-42E6-B1D3-F1849EA7A79B}.Debug|Any CPU.ActiveCfg = Debug|Any CPU
		{87CB30CA-4186-42E6-B1D3-F1849EA7A79B}.Debug|Any CPU.Build.0 = Debug|Any CPU
		{87CB30CA-4186-42E6-B1D3-F1849EA7A79B}.Debug|x64.ActiveCfg = Debug|Any CPU
		{87CB30CA-4186-42E6-B1D3-F1849EA7A79B}.Debug|x64.Build.0 = Debug|Any CPU
		{87CB30CA-4186-42E6-B1D3-F1849EA7A79B}.Debug|x86.ActiveCfg = Debug|Any CPU
		{87CB30CA-4186-42E6-B1D3-F1849EA7A79B}.Debug|x86.Build.0 = Debug|Any CPU
		{87CB30CA-4186-42E6-B1D3-F1849EA7A79B}.Release|Any CPU.ActiveCfg = Release|Any CPU
		{87CB30CA-4186-42E6-B1D3-F1849EA7A79B}.Release|Any CPU.Build.0 = Release|Any CPU
		{87CB30CA-4186-42E6-B1D3-F1849EA7A79B}.Release|x64.ActiveCfg = Release|Any CPU
		{87CB30CA-4186-42E6-B1D3-F1849EA7A79B}.Release|x64.Build.0 = Release|Any CPU
		{87CB30CA-4186-42E6-B1D3-F1849EA7A79B}.Release|x86.ActiveCfg = Release|Any CPU
		{87CB30CA-4186-42E6-B1D3-F1849EA7A79B}.Release|x86.Build.0 = Release|Any CPU
		{2A9D0706-4153-4A65-8EC9-D83A4621E537}.Debug|Any CPU.ActiveCfg = Debug|Any CPU
		{2A9D0706-4153-4A65-8EC9-D83A4621E537}.Debug|Any CPU.Build.0 = Debug|Any CPU
		{2A9D0706-4153-4A65-8EC9-D83A4621E537}.Debug|x64.ActiveCfg = Debug|Any CPU
		{2A9D0706-4153-4A65-8EC9-D83A4621E537}.Debug|x64.Build.0 = Debug|Any CPU
		{2A9D0706-4153-4A65-8EC9-D83A4621E537}.Debug|x86.ActiveCfg = Debug|Any CPU
		{2A9D0706-4153-4A65-8EC9-D83A4621E537}.Debug|x86.Build.0 = Debug|Any CPU
		{2A9D0706-4153-4A65-8EC9-D83A4621E537}.Release|Any CPU.ActiveCfg = Release|Any CPU
		{2A9D0706-4153-4A65-8EC9-D83A4621E537}.Release|Any CPU.Build.0 = Release|Any CPU
		{2A9D0706-4153-4A65-8EC9-D83A4621E537}.Release|x64.ActiveCfg = Release|Any CPU
		{2A9D0706-4153-4A65-8EC9-D83A4621E537}.Release|x64.Build.0 = Release|Any CPU
		{2A9D0706-4153-4A65-8EC9-D83A4621E537}.Release|x86.ActiveCfg = Release|Any CPU
		{2A9D0706-4153-4A65-8EC9-D83A4621E537}.Release|x86.Build.0 = Release|Any CPU
	EndGlobalSection
	GlobalSection(SolutionProperties) = preSolution
		HideSolutionNode = FALSE
	EndGlobalSection
	GlobalSection(NestedProjects) = preSolution
		{8D35EFEC-78C4-8934-F699-CDC21DCDF895} = {827E0CD3-B72D-47B6-A68D-7590B98EB39B}
		{87CB30CA-4186-42E6-B1D3-F1849EA7A79B} = {8D35EFEC-78C4-8934-F699-CDC21DCDF895}
		{E7269A9B-1E7E-4E3E-96E2-499E9682AF33} = {827E0CD3-B72D-47B6-A68D-7590B98EB39B}
		{2A9D0706-4153-4A65-8EC9-D83A4621E537} = {E7269A9B-1E7E-4E3E-96E2-499E9682AF33}
	EndGlobalSection
EndGlobal
